
Microsoft Visual Studio Solution File, Format Version 12.00
# Visual Studio Version 17
VisualStudioVersion = 17.12.35527.113
MinimumVisualStudioVersion = 10.0.40219.1
Project("{FAE04EC0-301F-11D3-BF4B-00C04F79EFBC}") = "program03", "Assignment01\program03.csproj", "{2D865760-9790-4742-AFF9-5156C54CCF71}"
EndProject
Project("{FAE04EC0-301F-11D3-BF4B-00C04F79EFBC}") = "program02", "program01\program02.csproj", "{009837A5-3F69-4EB0-9AD9-1ED0E55EA93B}"
EndProject
Global
	GlobalSection(SolutionConfigurationPlatforms) = preSolution
		Debug|Any CPU = Debug|Any CPU
		Release|Any CPU = Release|Any CPU
	EndGlobalSection
	GlobalSection(ProjectConfigurationPlatforms) = postSolution
		{2D865760-9790-4742-AFF9-5156C54CCF71}.Debug|Any CPU.ActiveCfg = Debug|Any CPU
		{2D865760-9790-4742-AFF9-5156C54CCF71}.Debug|Any CPU.Build.0 = Debug|Any CPU
		{2D865760-9790-4742-AFF9-5156C54CCF71}.Release|Any CPU.ActiveCfg = Release|Any CPU
		{2D865760-9790-4742-AFF9-5156C54CCF71}.Release|Any CPU.Build.0 = Release|Any CPU
		{009837A5-3F69-4EB0-9AD9-1ED0E55EA93B}.Debug|Any CPU.ActiveCfg = Debug|Any CPU
		{009837A5-3F69-4EB0-9AD9-1ED0E55EA93B}.Debug|Any CPU.Build.0 = Debug|Any CPU
		{009837A5-3F69-4EB0-9AD9-1ED0E55EA93B}.Release|Any CPU.ActiveCfg = Release|Any CPU
		{009837A5-3F69-4EB0-9AD9-1ED0E55EA93B}.Release|Any CPU.Build.0 = Release|Any CPU
	EndGlobalSection
	GlobalSection(SolutionProperties) = preSolution
		HideSolutionNode = FALSE
	EndGlobalSection
EndGlobal
